// !$*UTF8*$!
{
	archiveVersion = 1;
	classes = {
	};
	objectVersion = 56;
	objects = {

/* Begin PBXBuildFile section */
		98CEFCD82AE6A77800898B38 /* HMTestApp.swift in Sources */ = {isa = PBXBuildFile; fileRef = 98CEFCD72AE6A77800898B38 /* HMTestApp.swift */; };
		98CEFCDA2AE6A77800898B38 /* WelcomeView.swift in Sources */ = {isa = PBXBuildFile; fileRef = 98CEFCD92AE6A77800898B38 /* WelcomeView.swift */; };
		98CEFCDC2AE6A77C00898B38 /* Assets.xcassets in Resources */ = {isa = PBXBuildFile; fileRef = 98CEFCDB2AE6A77C00898B38 /* Assets.xcassets */; };
		98CEFCDF2AE6A77C00898B38 /* Preview Assets.xcassets in Resources */ = {isa = PBXBuildFile; fileRef = 98CEFCDE2AE6A77C00898B38 /* Preview Assets.xcassets */; };
		98CEFCEA2AE6A8D500898B38 /* CustomProgressView.swift in Sources */ = {isa = PBXBuildFile; fileRef = 98CEFCE92AE6A8D500898B38 /* CustomProgressView.swift */; };
		98CEFCEC2AE6AF5700898B38 /* NavigationPage.swift in Sources */ = {isa = PBXBuildFile; fileRef = 98CEFCEB2AE6AF5700898B38 /* NavigationPage.swift */; };
		98CEFCEE2AE6B14C00898B38 /* NavigationTabBar.swift in Sources */ = {isa = PBXBuildFile; fileRef = 98CEFCED2AE6B14C00898B38 /* NavigationTabBar.swift */; };
		98CEFCF02AE6B67700898B38 /* Trade.swift in Sources */ = {isa = PBXBuildFile; fileRef = 98CEFCEF2AE6B67700898B38 /* Trade.swift */; };
		98CEFCF22AE6B67F00898B38 /* Top.swift in Sources */ = {isa = PBXBuildFile; fileRef = 98CEFCF12AE6B67F00898B38 /* Top.swift */; };
		98CEFCF52AE6B9F000898B38 /* TopPageRow.swift in Sources */ = {isa = PBXBuildFile; fileRef = 98CEFCF42AE6B9F000898B38 /* TopPageRow.swift */; };
		98CEFCF72AE6BABF00898B38 /* TopModel.swift in Sources */ = {isa = PBXBuildFile; fileRef = 98CEFCF62AE6BABF00898B38 /* TopModel.swift */; };
		98CEFCF92AE6D76500898B38 /* SelectPair.swift in Sources */ = {isa = PBXBuildFile; fileRef = 98CEFCF82AE6D76500898B38 /* SelectPair.swift */; };
		98CEFCFB2AE7B4AB00898B38 /* CustomWebView.swift in Sources */ = {isa = PBXBuildFile; fileRef = 98CEFCFA2AE7B4AB00898B38 /* CustomWebView.swift */; };
		98CEFCFE2AE7C6A000898B38 /* Extentions.swift in Sources */ = {isa = PBXBuildFile; fileRef = 98CEFCFD2AE7C6A000898B38 /* Extentions.swift */; };
/* End PBXBuildFile section */

/* Begin PBXFileReference section */
		98CEFCD42AE6A77800898B38 /* HMTest.app */ = {isa = PBXFileReference; explicitFileType = wrapper.application; includeInIndex = 0; path = HMTest.app; sourceTree = BUILT_PRODUCTS_DIR; };
		98CEFCD72AE6A77800898B38 /* HMTestApp.swift */ = {isa = PBXFileReference; lastKnownFileType = sourcecode.swift; path = HMTestApp.swift; sourceTree = "<group>"; };
		98CEFCD92AE6A77800898B38 /* WelcomeView.swift */ = {isa = PBXFileReference; lastKnownFileType = sourcecode.swift; path = WelcomeView.swift; sourceTree = "<group>"; };
		98CEFCDB2AE6A77C00898B38 /* Assets.xcassets */ = {isa = PBXFileReference; lastKnownFileType = folder.assetcatalog; path = Assets.xcassets; sourceTree = "<group>"; };
		98CEFCDE2AE6A77C00898B38 /* Preview Assets.xcassets */ = {isa = PBXFileReference; lastKnownFileType = folder.assetcatalog; path = "Preview Assets.xcassets"; sourceTree = "<group>"; };
		98CEFCE92AE6A8D500898B38 /* CustomProgressView.swift */ = {isa = PBXFileReference; lastKnownFileType = sourcecode.swift; path = CustomProgressView.swift; sourceTree = "<group>"; };
		98CEFCEB2AE6AF5700898B38 /* NavigationPage.swift */ = {isa = PBXFileReference; lastKnownFileType = sourcecode.swift; path = NavigationPage.swift; sourceTree = "<group>"; };
		98CEFCED2AE6B14C00898B38 /* NavigationTabBar.swift */ = {isa = PBXFileReference; lastKnownFileType = sourcecode.swift; path = NavigationTabBar.swift; sourceTree = "<group>"; };
		98CEFCEF2AE6B67700898B38 /* Trade.swift */ = {isa = PBXFileReference; lastKnownFileType = sourcecode.swift; path = Trade.swift; sourceTree = "<group>"; };
		98CEFCF12AE6B67F00898B38 /* Top.swift */ = {isa = PBXFileReference; lastKnownFileType = sourcecode.swift; path = Top.swift; sourceTree = "<group>"; };
		98CEFCF42AE6B9F000898B38 /* TopPageRow.swift */ = {isa = PBXFileReference; lastKnownFileType = sourcecode.swift; path = TopPageRow.swift; sourceTree = "<group>"; };
		98CEFCF62AE6BABF00898B38 /* TopModel.swift */ = {isa = PBXFileReference; lastKnownFileType = sourcecode.swift; path = TopModel.swift; sourceTree = "<group>"; };
		98CEFCF82AE6D76500898B38 /* SelectPair.swift */ = {isa = PBXFileReference; lastKnownFileType = sourcecode.swift; path = SelectPair.swift; sourceTree = "<group>"; };
		98CEFCFA2AE7B4AB00898B38 /* CustomWebView.swift */ = {isa = PBXFileReference; lastKnownFileType = sourcecode.swift; path = CustomWebView.swift; sourceTree = "<group>"; };
		98CEFCFD2AE7C6A000898B38 /* Extentions.swift */ = {isa = PBXFileReference; lastKnownFileType = sourcecode.swift; path = Extentions.swift; sourceTree = "<group>"; };
		98CEFCFF2AE7CA6000898B38 /* Info.plist */ = {isa = PBXFileReference; lastKnownFileType = text.plist; path = Info.plist; sourceTree = "<group>"; };
		98CEFD002AE7CA7D00898B38 /* HMTest.entitlements */ = {isa = PBXFileReference; lastKnownFileType = text.plist.entitlements; path = HMTest.entitlements; sourceTree = "<group>"; };
/* End PBXFileReference section */

/* Begin PBXFrameworksBuildPhase section */
		98CEFCD12AE6A77800898B38 /* Frameworks */ = {
			isa = PBXFrameworksBuildPhase;
			buildActionMask = 2147483647;
			files = (
			);
			runOnlyForDeploymentPostprocessing = 0;
		};
/* End PBXFrameworksBuildPhase section */

/* Begin PBXGroup section */
		98CEFCCB2AE6A77800898B38 = {
			isa = PBXGroup;
			children = (
				98CEFCD62AE6A77800898B38 /* HMTest */,
				98CEFCD52AE6A77800898B38 /* Products */,
			);
			sourceTree = "<group>";
		};
		98CEFCD52AE6A77800898B38 /* Products */ = {
			isa = PBXGroup;
			children = (
				98CEFCD42AE6A77800898B38 /* HMTest.app */,
			);
			name = Products;
			sourceTree = "<group>";
		};
		98CEFCD62AE6A77800898B38 /* HMTest */ = {
			isa = PBXGroup;
			children = (
				98CEFD002AE7CA7D00898B38 /* HMTest.entitlements */,
				98CEFCFF2AE7CA6000898B38 /* Info.plist */,
				98CEFCFC2AE7C69000898B38 /* Extensions */,
				98CEFCF32AE6B9D600898B38 /* SubViews */,
				98CEFCE72AE6A89A00898B38 /* Views */,
				98CEFCE62AE6A89300898B38 /* ViewModels */,
				98CEFCE52AE6A88500898B38 /* Model */,
				98CEFCD72AE6A77800898B38 /* HMTestApp.swift */,
				98CEFCDB2AE6A77C00898B38 /* Assets.xcassets */,
				98CEFCDD2AE6A77C00898B38 /* Preview Content */,
			);
			path = HMTest;
			sourceTree = "<group>";
		};
		98CEFCDD2AE6A77C00898B38 /* Preview Content */ = {
			isa = PBXGroup;
			children = (
				98CEFCDE2AE6A77C00898B38 /* Preview Assets.xcassets */,
			);
			path = "Preview Content";
			sourceTree = "<group>";
		};
		98CEFCE52AE6A88500898B38 /* Model */ = {
			isa = PBXGroup;
			children = (
				98CEFCF62AE6BABF00898B38 /* TopModel.swift */,
			);
			path = Model;
			sourceTree = "<group>";
		};
		98CEFCE62AE6A89300898B38 /* ViewModels */ = {
			isa = PBXGroup;
			children = (
			);
			path = ViewModels;
			sourceTree = "<group>";
		};
		98CEFCE72AE6A89A00898B38 /* Views */ = {
			isa = PBXGroup;
			children = (
				98CEFCD92AE6A77800898B38 /* WelcomeView.swift */,
				98CEFCEF2AE6B67700898B38 /* Trade.swift */,
				98CEFCF12AE6B67F00898B38 /* Top.swift */,
				98CEFCF82AE6D76500898B38 /* SelectPair.swift */,
			);
			path = Views;
			sourceTree = "<group>";
		};
		98CEFCF32AE6B9D600898B38 /* SubViews */ = {
			isa = PBXGroup;
			children = (
				98CEFCED2AE6B14C00898B38 /* NavigationTabBar.swift */,
				98CEFCE92AE6A8D500898B38 /* CustomProgressView.swift */,
				98CEFCEB2AE6AF5700898B38 /* NavigationPage.swift */,
				98CEFCF42AE6B9F000898B38 /* TopPageRow.swift */,
				98CEFCFA2AE7B4AB00898B38 /* CustomWebView.swift */,
			);
			path = SubViews;
			sourceTree = "<group>";
		};
		98CEFCFC2AE7C69000898B38 /* Extensions */ = {
			isa = PBXGroup;
			children = (
				98CEFCFD2AE7C6A000898B38 /* Extentions.swift */,
			);
			path = Extensions;
			sourceTree = "<group>";
		};
/* End PBXGroup section */

/* Begin PBXNativeTarget section */
		98CEFCD32AE6A77800898B38 /* HMTest */ = {
			isa = PBXNativeTarget;
			buildConfigurationList = 98CEFCE22AE6A77C00898B38 /* Build configuration list for PBXNativeTarget "HMTest" */;
			buildPhases = (
				98CEFCD02AE6A77800898B38 /* Sources */,
				98CEFCD12AE6A77800898B38 /* Frameworks */,
				98CEFCD22AE6A77800898B38 /* Resources */,
			);
			buildRules = (
			);
			dependencies = (
			);
			name = HMTest;
			productName = HMTest;
			productReference = 98CEFCD42AE6A77800898B38 /* HMTest.app */;
			productType = "com.apple.product-type.application";
		};
/* End PBXNativeTarget section */

/* Begin PBXProject section */
		98CEFCCC2AE6A77800898B38 /* Project object */ = {
			isa = PBXProject;
			attributes = {
				BuildIndependentTargetsInParallel = 1;
				LastSwiftUpdateCheck = 1510;
				LastUpgradeCheck = 1510;
				TargetAttributes = {
					98CEFCD32AE6A77800898B38 = {
						CreatedOnToolsVersion = 15.1;
					};
				};
			};
			buildConfigurationList = 98CEFCCF2AE6A77800898B38 /* Build configuration list for PBXProject "HMTest" */;
			compatibilityVersion = "Xcode 14.0";
			developmentRegion = en;
			hasScannedForEncodings = 0;
			knownRegions = (
				en,
				Base,
			);
			mainGroup = 98CEFCCB2AE6A77800898B38;
			productRefGroup = 98CEFCD52AE6A77800898B38 /* Products */;
			projectDirPath = "";
			projectRoot = "";
			targets = (
				98CEFCD32AE6A77800898B38 /* HMTest */,
			);
		};
/* End PBXProject section */

/* Begin PBXResourcesBuildPhase section */
		98CEFCD22AE6A77800898B38 /* Resources */ = {
			isa = PBXResourcesBuildPhase;
			buildActionMask = 2147483647;
			files = (
				98CEFCDF2AE6A77C00898B38 /* Preview Assets.xcassets in Resources */,
				98CEFCDC2AE6A77C00898B38 /* Assets.xcassets in Resources */,
			);
			runOnlyForDeploymentPostprocessing = 0;
		};
/* End PBXResourcesBuildPhase section */

/* Begin PBXSourcesBuildPhase section */
		98CEFCD02AE6A77800898B38 /* Sources */ = {
			isa = PBXSourcesBuildPhase;
			buildActionMask = 2147483647;
			files = (
				98CEFCEC2AE6AF5700898B38 /* NavigationPage.swift in Sources */,
				98CEFCF72AE6BABF00898B38 /* TopModel.swift in Sources */,
				98CEFCDA2AE6A77800898B38 /* WelcomeView.swift in Sources */,
				98CEFCF02AE6B67700898B38 /* Trade.swift in Sources */,
				98CEFCF52AE6B9F000898B38 /* TopPageRow.swift in Sources */,
				98CEFCD82AE6A77800898B38 /* HMTestApp.swift in Sources */,
				98CEFCEA2AE6A8D500898B38 /* CustomProgressView.swift in Sources */,
				98CEFCF92AE6D76500898B38 /* SelectPair.swift in Sources */,
				98CEFCFE2AE7C6A000898B38 /* Extentions.swift in Sources */,
				98CEFCEE2AE6B14C00898B38 /* NavigationTabBar.swift in Sources */,
				98CEFCFB2AE7B4AB00898B38 /* CustomWebView.swift in Sources */,
				98CEFCF22AE6B67F00898B38 /* Top.swift in Sources */,
			);
			runOnlyForDeploymentPostprocessing = 0;
		};
/* End PBXSourcesBuildPhase section */

/* Begin XCBuildConfiguration section */
		98CEFCE02AE6A77C00898B38 /* Debug */ = {
			isa = XCBuildConfiguration;
			buildSettings = {
				ALWAYS_SEARCH_USER_PATHS = NO;
				ASSETCATALOG_COMPILER_GENERATE_SWIFT_ASSET_SYMBOL_EXTENSIONS = YES;
				CLANG_ANALYZER_NONNULL = YES;
				CLANG_ANALYZER_NUMBER_OBJECT_CONVERSION = YES_AGGRESSIVE;
				CLANG_CXX_LANGUAGE_STANDARD = "gnu++20";
				CLANG_ENABLE_MODULES = YES;
				CLANG_ENABLE_OBJC_ARC = YES;
				CLANG_ENABLE_OBJC_WEAK = YES;
				CLANG_WARN_BLOCK_CAPTURE_AUTORELEASING = YES;
				CLANG_WARN_BOOL_CONVERSION = YES;
				CLANG_WARN_COMMA = YES;
				CLANG_WARN_CONSTANT_CONVERSION = YES;
				CLANG_WARN_DEPRECATED_OBJC_IMPLEMENTATIONS = YES;
				CLANG_WARN_DIRECT_OBJC_ISA_USAGE = YES_ERROR;
				CLANG_WARN_DOCUMENTATION_COMMENTS = YES;
				CLANG_WARN_EMPTY_BODY = YES;
				CLANG_WARN_ENUM_CONVERSION = YES;
				CLANG_WARN_INFINITE_RECURSION = YES;
				CLANG_WARN_INT_CONVERSION = YES;
				CLANG_WARN_NON_LITERAL_NULL_CONVERSION = YES;
				CLANG_WARN_OBJC_IMPLICIT_RETAIN_SELF = YES;
				CLANG_WARN_OBJC_LITERAL_CONVERSION = YES;
				CLANG_WARN_OBJC_ROOT_CLASS = YES_ERROR;
				CLANG_WARN_QUOTED_INCLUDE_IN_FRAMEWORK_HEADER = YES;
				CLANG_WARN_RANGE_LOOP_ANALYSIS = YES;
				CLANG_WARN_STRICT_PROTOTYPES = YES;
				CLANG_WARN_SUSPICIOUS_MOVE = YES;
				CLANG_WARN_UNGUARDED_AVAILABILITY = YES_AGGRESSIVE;
				CLANG_WARN_UNREACHABLE_CODE = YES;
				CLANG_WARN__DUPLICATE_METHOD_MATCH = YES;
				COPY_PHASE_STRIP = NO;
				DEBUG_INFORMATION_FORMAT = dwarf;
				ENABLE_STRICT_OBJC_MSGSEND = YES;
				ENABLE_TESTABILITY = YES;
				ENABLE_USER_SCRIPT_SANDBOXING = YES;
				GCC_C_LANGUAGE_STANDARD = gnu17;
				GCC_DYNAMIC_NO_PIC = NO;
				GCC_NO_COMMON_BLOCKS = YES;
				GCC_OPTIMIZATION_LEVEL = 0;
				GCC_PREPROCESSOR_DEFINITIONS = (
					"DEBUG=1",
					"$(inherited)",
				);
				GCC_WARN_64_TO_32_BIT_CONVERSION = YES;
				GCC_WARN_ABOUT_RETURN_TYPE = YES_ERROR;
				GCC_WARN_UNDECLARED_SELECTOR = YES;
				GCC_WARN_UNINITIALIZED_AUTOS = YES_AGGRESSIVE;
				GCC_WARN_UNUSED_FUNCTION = YES;
				GCC_WARN_UNUSED_VARIABLE = YES;
				IPHONEOS_DEPLOYMENT_TARGET = 17.0;
				LOCALIZATION_PREFERS_STRING_CATALOGS = YES;
				MTL_ENABLE_DEBUG_INFO = INCLUDE_SOURCE;
				MTL_FAST_MATH = YES;
				ONLY_ACTIVE_ARCH = YES;
				SDKROOT = iphoneos;
				SWIFT_ACTIVE_COMPILATION_CONDITIONS = "DEBUG $(inherited)";
				SWIFT_OPTIMIZATION_LEVEL = "-Onone";
			};
			name = Debug;
		};
		98CEFCE12AE6A77C00898B38 /* Release */ = {
			isa = XCBuildConfiguration;
			buildSettings = {
				ALWAYS_SEARCH_USER_PATHS = NO;
				ASSETCATALOG_COMPILER_GENERATE_SWIFT_ASSET_SYMBOL_EXTENSIONS = YES;
				CLANG_ANALYZER_NONNULL = YES;
				CLANG_ANALYZER_NUMBER_OBJECT_CONVERSION = YES_AGGRESSIVE;
				CLANG_CXX_LANGUAGE_STANDARD = "gnu++20";
				CLANG_ENABLE_MODULES = YES;
				CLANG_ENABLE_OBJC_ARC = YES;
				CLANG_ENABLE_OBJC_WEAK = YES;
				CLANG_WARN_BLOCK_CAPTURE_AUTORELEASING = YES;
				CLANG_WARN_BOOL_CONVERSION = YES;
				CLANG_WARN_COMMA = YES;
				CLANG_WARN_CONSTANT_CONVERSION = YES;
				CLANG_WARN_DEPRECATED_OBJC_IMPLEMENTATIONS = YES;
				CLANG_WARN_DIRECT_OBJC_ISA_USAGE = YES_ERROR;
				CLANG_WARN_DOCUMENTATION_COMMENTS = YES;
				CLANG_WARN_EMPTY_BODY = YES;
				CLANG_WARN_ENUM_CONVERSION = YES;
				CLANG_WARN_INFINITE_RECURSION = YES;
				CLANG_WARN_INT_CONVERSION = YES;
				CLANG_WARN_NON_LITERAL_NULL_CONVERSION = YES;
				CLANG_WARN_OBJC_IMPLICIT_RETAIN_SELF = YES;
				CLANG_WARN_OBJC_LITERAL_CONVERSION = YES;
				CLANG_WARN_OBJC_ROOT_CLASS = YES_ERROR;
				CLANG_WARN_QUOTED_INCLUDE_IN_FRAMEWORK_HEADER = YES;
				CLANG_WARN_RANGE_LOOP_ANALYSIS = YES;
				CLANG_WARN_STRICT_PROTOTYPES = YES;
				CLANG_WARN_SUSPICIOUS_MOVE = YES;
				CLANG_WARN_UNGUARDED_AVAILABILITY = YES_AGGRESSIVE;
				CLANG_WARN_UNREACHABLE_CODE = YES;
				CLANG_WARN__DUPLICATE_METHOD_MATCH = YES;
				COPY_PHASE_STRIP = NO;
				DEBUG_INFORMATION_FORMAT = "dwarf-with-dsym";
				ENABLE_NS_ASSERTIONS = NO;
				ENABLE_STRICT_OBJC_MSGSEND = YES;
				ENABLE_USER_SCRIPT_SANDBOXING = YES;
				GCC_C_LANGUAGE_STANDARD = gnu17;
				GCC_NO_COMMON_BLOCKS = YES;
				GCC_WARN_64_TO_32_BIT_CONVERSION = YES;
				GCC_WARN_ABOUT_RETURN_TYPE = YES_ERROR;
				GCC_WARN_UNDECLARED_SELECTOR = YES;
				GCC_WARN_UNINITIALIZED_AUTOS = YES_AGGRESSIVE;
				GCC_WARN_UNUSED_FUNCTION = YES;
				GCC_WARN_UNUSED_VARIABLE = YES;
				IPHONEOS_DEPLOYMENT_TARGET = 17.0;
				LOCALIZATION_PREFERS_STRING_CATALOGS = YES;
				MTL_ENABLE_DEBUG_INFO = NO;
				MTL_FAST_MATH = YES;
				SDKROOT = iphoneos;
				SWIFT_COMPILATION_MODE = wholemodule;
				VALIDATE_PRODUCT = YES;
			};
			name = Release;
		};
		98CEFCE32AE6A77C00898B38 /* Debug */ = {
			isa = XCBuildConfiguration;
			buildSettings = {
				ASSETCATALOG_COMPILER_APPICON_NAME = AppIcon;
				ASSETCATALOG_COMPILER_GLOBAL_ACCENT_COLOR_NAME = AccentColor;
				CODE_SIGN_ENTITLEMENTS = HMTest/HMTest.entitlements;
				CODE_SIGN_STYLE = Automatic;
				CURRENT_PROJECT_VERSION = 1;
				DEVELOPMENT_ASSET_PATHS = "\"HMTest/Preview Content\"";
				ENABLE_PREVIEWS = YES;
				GENERATE_INFOPLIST_FILE = YES;
				INFOPLIST_FILE = HMTest/Info.plist;
				INFOPLIST_KEY_UIApplicationSceneManifest_Generation = YES;
				INFOPLIST_KEY_UIApplicationSupportsIndirectInputEvents = YES;
				INFOPLIST_KEY_UISupportedInterfaceOrientations_iPad = "UIInterfaceOrientationPortrait UIInterfaceOrientationPortraitUpsideDown UIInterfaceOrientationLandscapeLeft UIInterfaceOrientationLandscapeRight";
				INFOPLIST_KEY_UISupportedInterfaceOrientations_iPhone = "UIInterfaceOrientationPortrait UIInterfaceOrientationLandscapeLeft UIInterfaceOrientationLandscapeRight";
				LD_RUNPATH_SEARCH_PATHS = (
					"$(inherited)",
					"@executable_path/Frameworks",
				);
				MARKETING_VERSION = 1.0;
				PRODUCT_BUNDLE_IDENTIFIER = Ardak.HMTest;
				PRODUCT_NAME = "$(TARGET_NAME)";
				SWIFT_EMIT_LOC_STRINGS = YES;
				SWIFT_VERSION = 5.0;
				TARGETED_DEVICE_FAMILY = "1,2";
			};
			name = Debug;
		};
		98CEFCE42AE6A77C00898B38 /* Release */ = {
			isa = XCBuildConfiguration;
			buildSettings = {
				ASSETCATALOG_COMPILER_APPICON_NAME = AppIcon;
				ASSETCATALOG_COMPILER_GLOBAL_ACCENT_COLOR_NAME = AccentColor;
				CODE_SIGN_ENTITLEMENTS = HMTest/HMTest.entitlements;
				CODE_SIGN_STYLE = Automatic;
				CURRENT_PROJECT_VERSION = 1;
				DEVELOPMENT_ASSET_PATHS = "\"HMTest/Preview Content\"";
				ENABLE_PREVIEWS = YES;
				GENERATE_INFOPLIST_FILE = YES;
				INFOPLIST_FILE = HMTest/Info.plist;
				INFOPLIST_KEY_UIApplicationSceneManifest_Generation = YES;
				INFOPLIST_KEY_UIApplicationSupportsIndirectInputEvents = YES;
				INFOPLIST_KEY_UISupportedInterfaceOrientations_iPad = "UIInterfaceOrientationPortrait UIInterfaceOrientationPortraitUpsideDown UIInterfaceOrientationLandscapeLeft UIInterfaceOrientationLandscapeRight";
				INFOPLIST_KEY_UISupportedInterfaceOrientations_iPhone = "UIInterfaceOrientationPortrait UIInterfaceOrientationLandscapeLeft UIInterfaceOrientationLandscapeRight";
				LD_RUNPATH_SEARCH_PATHS = (
					"$(inherited)",
					"@executable_path/Frameworks",
				);
				MARKETING_VERSION = 1.0;
				PRODUCT_BUNDLE_IDENTIFIER = Ardak.HMTest;
				PRODUCT_NAME = "$(TARGET_NAME)";
				SWIFT_EMIT_LOC_STRINGS = YES;
				SWIFT_VERSION = 5.0;
				TARGETED_DEVICE_FAMILY = "1,2";
			};
			name = Release;
		};
/* End XCBuildConfiguration section */

/* Begin XCConfigurationList section */
		98CEFCCF2AE6A77800898B38 /* Build configuration list for PBXProject "HMTest" */ = {
			isa = XCConfigurationList;
			buildConfigurations = (
				98CEFCE02AE6A77C00898B38 /* Debug */,
				98CEFCE12AE6A77C00898B38 /* Release */,
			);
			defaultConfigurationIsVisible = 0;
			defaultConfigurationName = Release;
		};
		98CEFCE22AE6A77C00898B38 /* Build configuration list for PBXNativeTarget "HMTest" */ = {
			isa = XCConfigurationList;
			buildConfigurations = (
				98CEFCE32AE6A77C00898B38 /* Debug */,
				98CEFCE42AE6A77C00898B38 /* Release */,
			);
			defaultConfigurationIsVisible = 0;
			defaultConfigurationName = Release;
		};
/* End XCConfigurationList section */
	};
	rootObject = 98CEFCCC2AE6A77800898B38 /* Project object */;
}
